{
  "object": {
    "pins": [
      {
        "package": "AEXML",
        "repositoryURL": "https://github.com/tadija/AEXML.git",
        "state": {
          "branch": null,
          "revision": "db806756c989760b35108146381535aec231092b",
          "version": "4.7.0"
        }
      },
      {
        "package": "BitByteData",
        "repositoryURL": "https://github.com/tsolomko/BitByteData",
        "state": {
          "branch": null,
          "revision": "cdcdc5177ad536cfb11b95c620f926a81014b7fe",
          "version": "2.0.4"
        }
      },
      {
        "package": "CwlCatchException",
        "repositoryURL": "https://github.com/mattgallagher/CwlCatchException.git",
        "state": {
          "branch": null,
          "revision": "35f9e770f54ce62dd8526470f14c6e137cef3eea",
          "version": "2.1.1"
        }
      },
      {
        "package": "CwlPreconditionTesting",
        "repositoryURL": "https://github.com/mattgallagher/CwlPreconditionTesting.git",
        "state": {
          "branch": null,
          "revision": "c21f7bab5ca8eee0a9998bbd17ca1d0eb45d4688",
          "version": "2.1.0"
        }
      },
      {
        "package": "Dynamic",
        "repositoryURL": "https://github.com/mhdhejazi/Dynamic.git",
        "state": {
          "branch": "master",
          "revision": "772883073d044bc754d401cabb6574624eb3778f",
          "version": null
        }
      },
      {
        "package": "ExCodable",
        "repositoryURL": "https://github.com/iwill/ExCodable.git",
        "state": {
          "branch": null,
          "revision": "ca831ada0ec970b956d7c827429b57dc788141e6",
          "version": "0.5.0"
        }
      },
      {
        "package": "FilesProvider",
        "repositoryURL": "https://github.com/thebaselab/FileProvider",
        "state": {
          "branch": "master",
          "revision": "abf68a62541a4193c8d106367ddb3648e8ab693f",
          "version": null
        }
      },
      {
        "package": "FontBlaster",
        "repositoryURL": "https://github.com/ArtSabintsev/FontBlaster.git",
        "state": {
          "branch": null,
          "revision": "09fffe9cf20293fce81ce7154b46f8e60291baa8",
          "version": "5.3.0"
        }
      },
      {
        "package": "Clibgit2",
        "repositoryURL": "https://github.com/thebaselab/LibGit2-On-iOS",
        "state": {
          "branch": "master",
          "revision": "b368487aae224817eab09f52629d15aaf98c419e",
          "version": null
        }
      },
      {
        "package": "MarkdownView",
        "repositoryURL": "https://github.com/thebaselab/MarkdownView",
        "state": {
          "branch": "master",
          "revision": "bf73bf35a97ec6c63c4d73d99a7273858ebf3be5",
          "version": null
        }
      },
      {
        "package": "MenuItemKit",
        "repositoryURL": "https://github.com/cxa/MenuItemKit.git",
        "state": {
          "branch": null,
          "revision": "f9c40c444b0e2fc952cd3c8c6f4b0d30181dcb10",
          "version": "4.0.1"
        }
      },
      {
        "package": "NetworkImage",
        "repositoryURL": "https://github.com/gonzalezreal/NetworkImage",
        "state": {
          "branch": null,
          "revision": "7aff8d1b31148d32c5933d75557d42f6323ee3d1",
          "version": "6.0.0"
        }
      },
      {
        "package": "Nimble",
        "repositoryURL": "https://github.com/Quick/Nimble.git",
        "state": {
          "branch": null,
          "revision": "c93f16c25af5770f0d3e6af27c9634640946b068",
          "version": "9.2.1"
        }
      },
      {
        "package": "RevenueCat",
        "repositoryURL": "https://github.com/RevenueCat/purchases-ios-spm.git",
        "state": {
          "branch": null,
          "revision": "54aaeb5722fbdcddf0403107ba50dc26720fa572",
          "version": "4.41.0"
        }
      },
      {
        "package": "Quick",
        "repositoryURL": "https://github.com/Quick/Quick.git",
        "state": {
          "branch": null,
          "revision": "bd86ca0141e3cfb333546de5a11ede63f0c4a0e6",
          "version": "4.0.0"
        }
      },
      {
        "package": "Realm",
        "repositoryURL": "https://github.com/realm/realm-cocoa.git",
        "state": {
          "branch": null,
          "revision": "a4d731076e6a52f4366d844c78369ac7c9c6b1c0",
          "version": "10.49.2"
        }
      },
      {
        "package": "RealmDatabase",
        "repositoryURL": "https://github.com/realm/realm-core.git",
        "state": {
          "branch": null,
          "revision": "4d815c6e6883bfdcb67cf755d0f0f29a4b399ea7",
          "version": "14.5.2"
        }
      },
      {
        "package": "Runestone",
        "repositoryURL": "https://github.com/simonbs/Runestone",
        "state": {
          "branch": null,
          "revision": "688fa07d1c4bffd9ab12baa8fb712274b92b0a68",
          "version": "0.3.4"
        }
      },
      {
        "package": "RxSwift",
        "repositoryURL": "https://github.com/ReactiveX/RxSwift.git",
        "state": {
          "branch": null,
          "revision": "9dcaa4b333db437b0fbfaf453fad29069044a8b4",
          "version": "6.6.0"
        }
      },
      {
        "package": "swift-snapshot-testing",
        "repositoryURL": "https://github.com/pointfreeco/swift-snapshot-testing",
        "state": {
          "branch": null,
          "revision": "625ccca8570773dd84a34ee51a81aa2bc5a4f97a",
          "version": "1.16.0"
        }
      },
      {
        "package": "swift-syntax",
        "repositoryURL": "https://github.com/apple/swift-syntax",
        "state": {
          "branch": null,
          "revision": "fa8f95c2d536d6620cc2f504ebe8a6167c9fc2dd",
          "version": "510.0.1"
        }
      },
      {
        "package": "SwiftCLI",
        "repositoryURL": "https://github.com/jakeheis/SwiftCLI",
        "state": {
          "branch": null,
          "revision": "2e949055d9797c1a6bddcda0e58dada16cc8e970",
          "version": "6.0.3"
        }
      },
      {
        "package": "SwiftTerm",
        "repositoryURL": "https://github.com/migueldeicaza/SwiftTerm.git",
        "state": {
          "branch": null,
          "revision": "0d31c2eea98e65ff1a34ec4a312099a8c25958b2",
          "version": "1.2.1"
        }
      },
      {
        "package": "TreeSitter",
        "repositoryURL": "https://github.com/simonbs/tree-sitter",
        "state": {
          "branch": null,
          "revision": "8456f7eb7a70addb3c0af8a757f1997ae9af3ed6",
          "version": "0.20.9-beta-2"
        }
      },
      {
        "package": "TreeSitterLanguages",
        "repositoryURL": "https://github.com/simonbs/TreeSitterLanguages.git",
        "state": {
          "branch": "main",
          "revision": "7a186fe6f5ca6cb0ca332004b8f54b0fcea59212",
          "version": null
        }
      },
      {
        "package": "ZipArchive",
        "repositoryURL": "https://github.com/ZipArchive/ZipArchive.git",
        "state": {
          "branch": null,
          "revision": "38e0ce0598e06b034271f296a8e15b149c91aa19",
          "version": "2.4.3"
        }
      },
      {
        "package": "ZIPFoundation",
        "repositoryURL": "https://github.com/weichsel/ZIPFoundation.git",
        "state": {
          "branch": null,
          "revision": "f6a22e7da26314b38bf9befce34ae8e4b2543090",
          "version": "0.9.15"
        }
      }
    ]
  },
  "version": 1
}
